
Microsoft Visual Studio Solution File, Format Version 12.00
# Visual Studio Version 16
VisualStudioVersion = 16.0.31112.23
MinimumVisualStudioVersion = 10.0.40219.1
Project("{9A19103F-16F7-4668-BE54-9A1E7A4F7556}") = "Entities", "Entities\Entities.csproj", "{281BE7DB-EB31-4E97-B53D-6C32EFDF3BDB}"
EndProject
Project("{9A19103F-16F7-4668-BE54-9A1E7A4F7556}") = "DataAccess", "DataAccess\DataAccess.csproj", "{5F8C5C2F-7ECD-439C-AA80-609D3CEB7F33}"
EndProject
Project("{9A19103F-16F7-4668-BE54-9A1E7A4F7556}") = "Business", "Business\Business.csproj", "{529E6E57-48AF-4B36-A35F-3EC687AFAA14}"
EndProject
Project("{9A19103F-16F7-4668-BE54-9A1E7A4F7556}") = "Core", "Core\Core.csproj", "{9FA11F73-1E12-4205-9EAA-9A48EBB83BBF}"
EndProject
Project("{FAE04EC0-301F-11D3-BF4B-00C04F79EFBC}") = "WebAPI", "WebAPI\WebAPI.csproj", "{276880FE-83E0-4037-87A4-930D2275E795}"
EndProject
Global
	GlobalSection(SolutionConfigurationPlatforms) = preSolution
		Debug|Any CPU = Debug|Any CPU
		Release|Any CPU = Release|Any CPU
	EndGlobalSection
	GlobalSection(ProjectConfigurationPlatforms) = postSolution
		{281BE7DB-EB31-4E97-B53D-6C32EFDF3BDB}.Debug|Any CPU.ActiveCfg = Debug|Any CPU
		{281BE7DB-EB31-4E97-B53D-6C32EFDF3BDB}.Debug|Any CPU.Build.0 = Debug|Any CPU
		{281BE7DB-EB31-4E97-B53D-6C32EFDF3BDB}.Release|Any CPU.ActiveCfg = Release|Any CPU
		{281BE7DB-EB31-4E97-B53D-6C32EFDF3BDB}.Release|Any CPU.Build.0 = Release|Any CPU
		{5F8C5C2F-7ECD-439C-AA80-609D3CEB7F33}.Debug|Any CPU.ActiveCfg = Debug|Any CPU
		{5F8C5C2F-7ECD-439C-AA80-609D3CEB7F33}.Debug|Any CPU.Build.0 = Debug|Any CPU
		{5F8C5C2F-7ECD-439C-AA80-609D3CEB7F33}.Release|Any CPU.ActiveCfg = Release|Any CPU
		{5F8C5C2F-7ECD-439C-AA80-609D3CEB7F33}.Release|Any CPU.Build.0 = Release|Any CPU
		{529E6E57-48AF-4B36-A35F-3EC687AFAA14}.Debug|Any CPU.ActiveCfg = Debug|Any CPU
		{529E6E57-48AF-4B36-A35F-3EC687AFAA14}.Debug|Any CPU.Build.0 = Debug|Any CPU
		{529E6E57-48AF-4B36-A35F-3EC687AFAA14}.Release|Any CPU.ActiveCfg = Release|Any CPU
		{529E6E57-48AF-4B36-A35F-3EC687AFAA14}.Release|Any CPU.Build.0 = Release|Any CPU
		{9FA11F73-1E12-4205-9EAA-9A48EBB83BBF}.Debug|Any CPU.ActiveCfg = Debug|Any CPU
		{9FA11F73-1E12-4205-9EAA-9A48EBB83BBF}.Debug|Any CPU.Build.0 = Debug|Any CPU
		{9FA11F73-1E12-4205-9EAA-9A48EBB83BBF}.Release|Any CPU.ActiveCfg = Release|Any CPU
		{9FA11F73-1E12-4205-9EAA-9A48EBB83BBF}.Release|Any CPU.Build.0 = Release|Any CPU
		{276880FE-83E0-4037-87A4-930D2275E795}.Debug|Any CPU.ActiveCfg = Debug|Any CPU
		{276880FE-83E0-4037-87A4-930D2275E795}.Debug|Any CPU.Build.0 = Debug|Any CPU
		{276880FE-83E0-4037-87A4-930D2275E795}.Release|Any CPU.ActiveCfg = Release|Any CPU
		{276880FE-83E0-4037-87A4-930D2275E795}.Release|Any CPU.Build.0 = Release|Any CPU
	EndGlobalSection
	GlobalSection(SolutionProperties) = preSolution
		HideSolutionNode = FALSE
	EndGlobalSection
	GlobalSection(ExtensibilityGlobals) = postSolution
		SolutionGuid = {034402E2-B124-4B94-9644-6536D31808CB}
	EndGlobalSection
EndGlobal
